
Microsoft Visual Studio Solution File, Format Version 12.00
# Visual Studio Version 16
VisualStudioVersion = 16.0.31829.152
MinimumVisualStudioVersion = 10.0.40219.1
Project("{9A19103F-16F7-4668-BE54-9A1E7A4F7556}") = "Entity", "Entity\Entity.csproj", "{760C9AB1-A662-4645-A577-C6F7150C3537}"
EndProject
Project("{9A19103F-16F7-4668-BE54-9A1E7A4F7556}") = "DataAccess", "DataAcces\DataAccess.csproj", "{2E2D64D3-39A0-42C7-8E98-00DB794F1428}"
EndProject
Project("{9A19103F-16F7-4668-BE54-9A1E7A4F7556}") = "GarbageCollectSystemAPI", "GarbageCollectSystemAPI\GarbageCollectSystemAPI.csproj", "{D29A24FF-A810-4B12-B9DF-217FA971D6AE}"
EndProject
Global
	GlobalSection(SolutionConfigurationPlatforms) = preSolution
		Debug|Any CPU = Debug|Any CPU
		Release|Any CPU = Release|Any CPU
	EndGlobalSection
	GlobalSection(ProjectConfigurationPlatforms) = postSolution
		{760C9AB1-A662-4645-A577-C6F7150C3537}.Debug|Any CPU.ActiveCfg = Debug|Any CPU
		{760C9AB1-A662-4645-A577-C6F7150C3537}.Debug|Any CPU.Build.0 = Debug|Any CPU
		{760C9AB1-A662-4645-A577-C6F7150C3537}.Release|Any CPU.ActiveCfg = Release|Any CPU
		{760C9AB1-A662-4645-A577-C6F7150C3537}.Release|Any CPU.Build.0 = Release|Any CPU
		{2E2D64D3-39A0-42C7-8E98-00DB794F1428}.Debug|Any CPU.ActiveCfg = Debug|Any CPU
		{2E2D64D3-39A0-42C7-8E98-00DB794F1428}.Debug|Any CPU.Build.0 = Debug|Any CPU
		{2E2D64D3-39A0-42C7-8E98-00DB794F1428}.Release|Any CPU.ActiveCfg = Release|Any CPU
		{2E2D64D3-39A0-42C7-8E98-00DB794F1428}.Release|Any CPU.Build.0 = Release|Any CPU
		{D29A24FF-A810-4B12-B9DF-217FA971D6AE}.Debug|Any CPU.ActiveCfg = Debug|Any CPU
		{D29A24FF-A810-4B12-B9DF-217FA971D6AE}.Debug|Any CPU.Build.0 = Debug|Any CPU
		{D29A24FF-A810-4B12-B9DF-217FA971D6AE}.Release|Any CPU.ActiveCfg = Release|Any CPU
		{D29A24FF-A810-4B12-B9DF-217FA971D6AE}.Release|Any CPU.Build.0 = Release|Any CPU
	EndGlobalSection
	GlobalSection(SolutionProperties) = preSolution
		HideSolutionNode = FALSE
	EndGlobalSection
	GlobalSection(ExtensibilityGlobals) = postSolution
		SolutionGuid = {80306301-B77F-43AB-9ADC-47E59716003F}
	EndGlobalSection
EndGlobal
